
Microsoft Visual Studio Solution File, Format Version 12.00
# Visual Studio Version 16
VisualStudioVersion = 16.0.32106.194
MinimumVisualStudioVersion = 10.0.40219.1
Project("{9A19103F-16F7-4668-BE54-9A1E7A4F7556}") = "CadastroClientes", "CadastroClientes\CadastroClientes.csproj", "{54FC082F-26CB-47E1-9E4B-D87D20E4EA93}"
EndProject
Project("{FAE04EC0-301F-11D3-BF4B-00C04F79EFBC}") = "CadastroCliente.Test", "CadastroCliente.Test\CadastroCliente.Test.csproj", "{69987961-3FE8-4BC8-BF40-CE4057C52548}"
EndProject
Global
	GlobalSection(SolutionConfigurationPlatforms) = preSolution
		Debug|Any CPU = Debug|Any CPU
		Release|Any CPU = Release|Any CPU
	EndGlobalSection
	GlobalSection(ProjectConfigurationPlatforms) = postSolution
		{54FC082F-26CB-47E1-9E4B-D87D20E4EA93}.Debug|Any CPU.ActiveCfg = Debug|Any CPU
		{54FC082F-26CB-47E1-9E4B-D87D20E4EA93}.Debug|Any CPU.Build.0 = Debug|Any CPU
		{54FC082F-26CB-47E1-9E4B-D87D20E4EA93}.Release|Any CPU.ActiveCfg = Release|Any CPU
		{54FC082F-26CB-47E1-9E4B-D87D20E4EA93}.Release|Any CPU.Build.0 = Release|Any CPU
		{69987961-3FE8-4BC8-BF40-CE4057C52548}.Debug|Any CPU.ActiveCfg = Debug|Any CPU
		{69987961-3FE8-4BC8-BF40-CE4057C52548}.Debug|Any CPU.Build.0 = Debug|Any CPU
		{69987961-3FE8-4BC8-BF40-CE4057C52548}.Release|Any CPU.ActiveCfg = Release|Any CPU
		{69987961-3FE8-4BC8-BF40-CE4057C52548}.Release|Any CPU.Build.0 = Release|Any CPU
	EndGlobalSection
	GlobalSection(SolutionProperties) = preSolution
		HideSolutionNode = FALSE
	EndGlobalSection
	GlobalSection(ExtensibilityGlobals) = postSolution
		SolutionGuid = {2DE90397-DE1F-4BF8-B79D-9FA9B611A652}
	EndGlobalSection
EndGlobal
